
Microsoft Visual Studio Solution File, Format Version 12.00
# Visual Studio Version 17
VisualStudioVersion = 17.8.34322.80
MinimumVisualStudioVersion = 10.0.40219.1
Project("{2150E333-8FDC-42A3-9474-1A3956D46DE8}") = "src", "src", "{41E5881C-1418-49D1-8E16-597BD27FB65F}"
EndProject
Project("{2150E333-8FDC-42A3-9474-1A3956D46DE8}") = "Sample.Api", "Sample.Api", "{88FDB514-3412-437E-8620-AE65CEDAE524}"
EndProject
Project("{2150E333-8FDC-42A3-9474-1A3956D46DE8}") = "Sample.Architecture", "Sample.Architecture", "{F10282E4-B7D1-4BC0-AEEC-3A28E66A805D}"
EndProject
Project("{9A19103F-16F7-4668-BE54-9A1E7A4F7556}") = "Sample.Architecture.Domain", "src\Sample.Architecture\Sample.Architecture.Domain\Sample.Architecture.Domain.csproj", "{6B8A759B-A7C3-4011-889F-348182F5A8D9}"
EndProject
Project("{9A19103F-16F7-4668-BE54-9A1E7A4F7556}") = "Sample.Architecture.Application", "src\Sample.Architecture\Sample.Architecture.Application\Sample.Architecture.Application.csproj", "{60FB8D00-BE8E-4D9A-8180-61BC5EEFE3C6}"
EndProject
Project("{9A19103F-16F7-4668-BE54-9A1E7A4F7556}") = "Sample.Api.Public", "src\Sample.Api\Sample.Api.Public\Sample.Api.Public.csproj", "{9F393583-B5B4-4700-BBEA-69EB361F5B7B}"
EndProject
Project("{9A19103F-16F7-4668-BE54-9A1E7A4F7556}") = "Sample.Architecture.Infrastructure", "src\Sample.Architecture\Sample.Architecture.Infrastructure\Sample.Architecture.Infrastructure.csproj", "{4B801752-8067-4A61-BD7C-B0B7D7235C98}"
EndProject
Project("{9A19103F-16F7-4668-BE54-9A1E7A4F7556}") = "Sample.Api.Common", "src\Sample.Api\Sample.Api.Common\Sample.Api.Common.csproj", "{A7AE3D55-C22B-40E7-9E18-52CD8D1AC05E}"
EndProject
Global
	GlobalSection(SolutionConfigurationPlatforms) = preSolution
		Debug|Any CPU = Debug|Any CPU
		Release|Any CPU = Release|Any CPU
	EndGlobalSection
	GlobalSection(ProjectConfigurationPlatforms) = postSolution
		{6B8A759B-A7C3-4011-889F-348182F5A8D9}.Debug|Any CPU.ActiveCfg = Debug|Any CPU
		{6B8A759B-A7C3-4011-889F-348182F5A8D9}.Debug|Any CPU.Build.0 = Debug|Any CPU
		{6B8A759B-A7C3-4011-889F-348182F5A8D9}.Release|Any CPU.ActiveCfg = Release|Any CPU
		{6B8A759B-A7C3-4011-889F-348182F5A8D9}.Release|Any CPU.Build.0 = Release|Any CPU
		{60FB8D00-BE8E-4D9A-8180-61BC5EEFE3C6}.Debug|Any CPU.ActiveCfg = Debug|Any CPU
		{60FB8D00-BE8E-4D9A-8180-61BC5EEFE3C6}.Debug|Any CPU.Build.0 = Debug|Any CPU
		{60FB8D00-BE8E-4D9A-8180-61BC5EEFE3C6}.Release|Any CPU.ActiveCfg = Release|Any CPU
		{60FB8D00-BE8E-4D9A-8180-61BC5EEFE3C6}.Release|Any CPU.Build.0 = Release|Any CPU
		{9F393583-B5B4-4700-BBEA-69EB361F5B7B}.Debug|Any CPU.ActiveCfg = Debug|Any CPU
		{9F393583-B5B4-4700-BBEA-69EB361F5B7B}.Debug|Any CPU.Build.0 = Debug|Any CPU
		{9F393583-B5B4-4700-BBEA-69EB361F5B7B}.Release|Any CPU.ActiveCfg = Release|Any CPU
		{9F393583-B5B4-4700-BBEA-69EB361F5B7B}.Release|Any CPU.Build.0 = Release|Any CPU
		{4B801752-8067-4A61-BD7C-B0B7D7235C98}.Debug|Any CPU.ActiveCfg = Debug|Any CPU
		{4B801752-8067-4A61-BD7C-B0B7D7235C98}.Debug|Any CPU.Build.0 = Debug|Any CPU
		{4B801752-8067-4A61-BD7C-B0B7D7235C98}.Release|Any CPU.ActiveCfg = Release|Any CPU
		{4B801752-8067-4A61-BD7C-B0B7D7235C98}.Release|Any CPU.Build.0 = Release|Any CPU
		{A7AE3D55-C22B-40E7-9E18-52CD8D1AC05E}.Debug|Any CPU.ActiveCfg = Debug|Any CPU
		{A7AE3D55-C22B-40E7-9E18-52CD8D1AC05E}.Debug|Any CPU.Build.0 = Debug|Any CPU
		{A7AE3D55-C22B-40E7-9E18-52CD8D1AC05E}.Release|Any CPU.ActiveCfg = Release|Any CPU
		{A7AE3D55-C22B-40E7-9E18-52CD8D1AC05E}.Release|Any CPU.Build.0 = Release|Any CPU
	EndGlobalSection
	GlobalSection(SolutionProperties) = preSolution
		HideSolutionNode = FALSE
	EndGlobalSection
	GlobalSection(NestedProjects) = preSolution
		{88FDB514-3412-437E-8620-AE65CEDAE524} = {41E5881C-1418-49D1-8E16-597BD27FB65F}
		{F10282E4-B7D1-4BC0-AEEC-3A28E66A805D} = {41E5881C-1418-49D1-8E16-597BD27FB65F}
		{6B8A759B-A7C3-4011-889F-348182F5A8D9} = {F10282E4-B7D1-4BC0-AEEC-3A28E66A805D}
		{60FB8D00-BE8E-4D9A-8180-61BC5EEFE3C6} = {F10282E4-B7D1-4BC0-AEEC-3A28E66A805D}
		{9F393583-B5B4-4700-BBEA-69EB361F5B7B} = {88FDB514-3412-437E-8620-AE65CEDAE524}
		{4B801752-8067-4A61-BD7C-B0B7D7235C98} = {F10282E4-B7D1-4BC0-AEEC-3A28E66A805D}
		{A7AE3D55-C22B-40E7-9E18-52CD8D1AC05E} = {88FDB514-3412-437E-8620-AE65CEDAE524}
	EndGlobalSection
	GlobalSection(ExtensibilityGlobals) = postSolution
		SolutionGuid = {E1C46464-9112-42D1-AB9D-8A7E032D2625}
	EndGlobalSection
EndGlobal
